// !$*UTF8*$!
{
	archiveVersion = 1;
	classes = {
	};
	objectVersion = 55;
	objects = {

/* Begin PBXBuildFile section */
		671BD339289930770048EC18 /* GoogleService-Info.plist in Resources */ = {isa = PBXBuildFile; fileRef = 671BD338289930770048EC18 /* GoogleService-Info.plist */; };
		671BD33D289936100048EC18 /* FirebaseAnalyticsSwift in Frameworks */ = {isa = PBXBuildFile; productRef = 671BD33C289936100048EC18 /* FirebaseAnalyticsSwift */; };
		671BD33F289936100048EC18 /* FirebaseAuth in Frameworks */ = {isa = PBXBuildFile; productRef = 671BD33E289936100048EC18 /* FirebaseAuth */; };
		6728C0F72898303A008D37C5 /* CustomNumberPad.swift in Sources */ = {isa = PBXBuildFile; fileRef = 6728C0F62898303A008D37C5 /* CustomNumberPad.swift */; };
		6776475C28A21A6800A33863 /* AlertView.swift in Sources */ = {isa = PBXBuildFile; fileRef = 6776475B28A21A6800A33863 /* AlertView.swift */; };
		6778139D28A361D000D37805 /* Home.swift in Sources */ = {isa = PBXBuildFile; fileRef = 6778139C28A361D000D37805 /* Home.swift */; };
		67D149152897AC1500F021DD /* FirebasePhoneAuthApp.swift in Sources */ = {isa = PBXBuildFile; fileRef = 67D149142897AC1500F021DD /* FirebasePhoneAuthApp.swift */; };
		67D149172897AC1500F021DD /* ContentView.swift in Sources */ = {isa = PBXBuildFile; fileRef = 67D149162897AC1500F021DD /* ContentView.swift */; };
		67D149192897AC1800F021DD /* Assets.xcassets in Resources */ = {isa = PBXBuildFile; fileRef = 67D149182897AC1800F021DD /* Assets.xcassets */; };
		67D1491C2897AC1800F021DD /* Preview Assets.xcassets in Resources */ = {isa = PBXBuildFile; fileRef = 67D1491B2897AC1800F021DD /* Preview Assets.xcassets */; };
		67D149252897AD8E00F021DD /* Login.swift in Sources */ = {isa = PBXBuildFile; fileRef = 67D149242897AD8E00F021DD /* Login.swift */; };
		67D149272897B88B00F021DD /* LoginViewModel.swift in Sources */ = {isa = PBXBuildFile; fileRef = 67D149262897B88B00F021DD /* LoginViewModel.swift */; };
		67D1492A2897C40F00F021DD /* Countries.swift in Sources */ = {isa = PBXBuildFile; fileRef = 67D149292897C40F00F021DD /* Countries.swift */; };
		67D1492C2897E82700F021DD /* Verification.swift in Sources */ = {isa = PBXBuildFile; fileRef = 67D1492B2897E82700F021DD /* Verification.swift */; };
/* End PBXBuildFile section */

/* Begin PBXFileReference section */
		671BD338289930770048EC18 /* GoogleService-Info.plist */ = {isa = PBXFileReference; fileEncoding = 4; lastKnownFileType = text.plist.xml; path = "GoogleService-Info.plist"; sourceTree = "<group>"; };
		671BD33A289931330048EC18 /* Info.plist */ = {isa = PBXFileReference; lastKnownFileType = text.plist; path = Info.plist; sourceTree = "<group>"; };
		6728C0F62898303A008D37C5 /* CustomNumberPad.swift */ = {isa = PBXFileReference; lastKnownFileType = sourcecode.swift; path = CustomNumberPad.swift; sourceTree = "<group>"; };
		6776475B28A21A6800A33863 /* AlertView.swift */ = {isa = PBXFileReference; lastKnownFileType = sourcecode.swift; path = AlertView.swift; sourceTree = "<group>"; };
		6778139C28A361D000D37805 /* Home.swift */ = {isa = PBXFileReference; lastKnownFileType = sourcecode.swift; path = Home.swift; sourceTree = "<group>"; };
		67D149112897AC1500F021DD /* FirebasePhoneAuth.app */ = {isa = PBXFileReference; explicitFileType = wrapper.application; includeInIndex = 0; path = FirebasePhoneAuth.app; sourceTree = BUILT_PRODUCTS_DIR; };
		67D149142897AC1500F021DD /* FirebasePhoneAuthApp.swift */ = {isa = PBXFileReference; lastKnownFileType = sourcecode.swift; path = FirebasePhoneAuthApp.swift; sourceTree = "<group>"; };
		67D149162897AC1500F021DD /* ContentView.swift */ = {isa = PBXFileReference; lastKnownFileType = sourcecode.swift; path = ContentView.swift; sourceTree = "<group>"; };
		67D149182897AC1800F021DD /* Assets.xcassets */ = {isa = PBXFileReference; lastKnownFileType = folder.assetcatalog; path = Assets.xcassets; sourceTree = "<group>"; };
		67D1491B2897AC1800F021DD /* Preview Assets.xcassets */ = {isa = PBXFileReference; lastKnownFileType = folder.assetcatalog; path = "Preview Assets.xcassets"; sourceTree = "<group>"; };
		67D149242897AD8E00F021DD /* Login.swift */ = {isa = PBXFileReference; lastKnownFileType = sourcecode.swift; path = Login.swift; sourceTree = "<group>"; };
		67D149262897B88B00F021DD /* LoginViewModel.swift */ = {isa = PBXFileReference; lastKnownFileType = sourcecode.swift; path = LoginViewModel.swift; sourceTree = "<group>"; };
		67D149292897C40F00F021DD /* Countries.swift */ = {isa = PBXFileReference; lastKnownFileType = sourcecode.swift; path = Countries.swift; sourceTree = "<group>"; };
		67D1492B2897E82700F021DD /* Verification.swift */ = {isa = PBXFileReference; lastKnownFileType = sourcecode.swift; path = Verification.swift; sourceTree = "<group>"; };
/* End PBXFileReference section */

/* Begin PBXFrameworksBuildPhase section */
		67D1490E2897AC1500F021DD /* Frameworks */ = {
			isa = PBXFrameworksBuildPhase;
			buildActionMask = 2147483647;
			files = (
				671BD33D289936100048EC18 /* FirebaseAnalyticsSwift in Frameworks */,
				671BD33F289936100048EC18 /* FirebaseAuth in Frameworks */,
			);
			runOnlyForDeploymentPostprocessing = 0;
		};
/* End PBXFrameworksBuildPhase section */

/* Begin PBXGroup section */
		67D149082897AC1500F021DD = {
			isa = PBXGroup;
			children = (
				67D149132897AC1500F021DD /* FirebasePhoneAuth */,
				67D149122897AC1500F021DD /* Products */,
			);
			sourceTree = "<group>";
		};
		67D149122897AC1500F021DD /* Products */ = {
			isa = PBXGroup;
			children = (
				67D149112897AC1500F021DD /* FirebasePhoneAuth.app */,
			);
			name = Products;
			sourceTree = "<group>";
		};
		67D149132897AC1500F021DD /* FirebasePhoneAuth */ = {
			isa = PBXGroup;
			children = (
				671BD33A289931330048EC18 /* Info.plist */,
				671BD338289930770048EC18 /* GoogleService-Info.plist */,
				67D149282897C3F300F021DD /* Model */,
				67D149232897AD7B00F021DD /* ViewModel */,
				67D149222897AD7500F021DD /* View */,
				67D149142897AC1500F021DD /* FirebasePhoneAuthApp.swift */,
				67D149162897AC1500F021DD /* ContentView.swift */,
				67D149182897AC1800F021DD /* Assets.xcassets */,
				67D1491A2897AC1800F021DD /* Preview Content */,
			);
			path = FirebasePhoneAuth;
			sourceTree = "<group>";
		};
		67D1491A2897AC1800F021DD /* Preview Content */ = {
			isa = PBXGroup;
			children = (
				67D1491B2897AC1800F021DD /* Preview Assets.xcassets */,
			);
			path = "Preview Content";
			sourceTree = "<group>";
		};
		67D149222897AD7500F021DD /* View */ = {
			isa = PBXGroup;
			children = (
				67D149242897AD8E00F021DD /* Login.swift */,
				67D1492B2897E82700F021DD /* Verification.swift */,
				6728C0F62898303A008D37C5 /* CustomNumberPad.swift */,
				6776475B28A21A6800A33863 /* AlertView.swift */,
				6778139C28A361D000D37805 /* Home.swift */,
			);
			path = View;
			sourceTree = "<group>";
		};
		67D149232897AD7B00F021DD /* ViewModel */ = {
			isa = PBXGroup;
			children = (
				67D149262897B88B00F021DD /* LoginViewModel.swift */,
			);
			path = ViewModel;
			sourceTree = "<group>";
		};
		67D149282897C3F300F021DD /* Model */ = {
			isa = PBXGroup;
			children = (
				67D149292897C40F00F021DD /* Countries.swift */,
			);
			path = Model;
			sourceTree = "<group>";
		};
/* End PBXGroup section */

/* Begin PBXNativeTarget section */
		67D149102897AC1500F021DD /* FirebasePhoneAuth */ = {
			isa = PBXNativeTarget;
			buildConfigurationList = 67D1491F2897AC1800F021DD /* Build configuration list for PBXNativeTarget "FirebasePhoneAuth" */;
			buildPhases = (
				67D1490D2897AC1500F021DD /* Sources */,
				67D1490E2897AC1500F021DD /* Frameworks */,
				67D1490F2897AC1500F021DD /* Resources */,
			);
			buildRules = (
			);
			dependencies = (
			);
			name = FirebasePhoneAuth;
			packageProductDependencies = (
				671BD33C289936100048EC18 /* FirebaseAnalyticsSwift */,
				671BD33E289936100048EC18 /* FirebaseAuth */,
			);
			productName = FirebasePhoneAuth;
			productReference = 67D149112897AC1500F021DD /* FirebasePhoneAuth.app */;
			productType = "com.apple.product-type.application";
		};
/* End PBXNativeTarget section */

/* Begin PBXProject section */
		67D149092897AC1500F021DD /* Project object */ = {
			isa = PBXProject;
			attributes = {
				BuildIndependentTargetsInParallel = 1;
				LastSwiftUpdateCheck = 1320;
				LastUpgradeCheck = 1320;
				TargetAttributes = {
					67D149102897AC1500F021DD = {
						CreatedOnToolsVersion = 13.2.1;
					};
				};
			};
			buildConfigurationList = 67D1490C2897AC1500F021DD /* Build configuration list for PBXProject "FirebasePhoneAuth" */;
			compatibilityVersion = "Xcode 13.0";
			developmentRegion = en;
			hasScannedForEncodings = 0;
			knownRegions = (
				en,
				Base,
			);
			mainGroup = 67D149082897AC1500F021DD;
			packageReferences = (
				671BD33B289936100048EC18 /* XCRemoteSwiftPackageReference "firebase-ios-sdk" */,
			);
			productRefGroup = 67D149122897AC1500F021DD /* Products */;
			projectDirPath = "";
			projectRoot = "";
			targets = (
				67D149102897AC1500F021DD /* FirebasePhoneAuth */,
			);
		};
/* End PBXProject section */

/* Begin PBXResourcesBuildPhase section */
		67D1490F2897AC1500F021DD /* Resources */ = {
			isa = PBXResourcesBuildPhase;
			buildActionMask = 2147483647;
			files = (
				67D1491C2897AC1800F021DD /* Preview Assets.xcassets in Resources */,
				67D149192897AC1800F021DD /* Assets.xcassets in Resources */,
				671BD339289930770048EC18 /* GoogleService-Info.plist in Resources */,
			);
			runOnlyForDeploymentPostprocessing = 0;
		};
/* End PBXResourcesBuildPhase section */

/* Begin PBXSourcesBuildPhase section */
		67D1490D2897AC1500F021DD /* Sources */ = {
			isa = PBXSourcesBuildPhase;
			buildActionMask = 2147483647;
			files = (
				67D1492C2897E82700F021DD /* Verification.swift in Sources */,
				67D149272897B88B00F021DD /* LoginViewModel.swift in Sources */,
				67D149252897AD8E00F021DD /* Login.swift in Sources */,
				67D149172897AC1500F021DD /* ContentView.swift in Sources */,
				6778139D28A361D000D37805 /* Home.swift in Sources */,
				67D1492A2897C40F00F021DD /* Countries.swift in Sources */,
				6776475C28A21A6800A33863 /* AlertView.swift in Sources */,
				67D149152897AC1500F021DD /* FirebasePhoneAuthApp.swift in Sources */,
				6728C0F72898303A008D37C5 /* CustomNumberPad.swift in Sources */,
			);
			runOnlyForDeploymentPostprocessing = 0;
		};
/* End PBXSourcesBuildPhase section */

/* Begin XCBuildConfiguration section */
		67D1491D2897AC1800F021DD /* Debug */ = {
			isa = XCBuildConfiguration;
			buildSettings = {
				ALWAYS_SEARCH_USER_PATHS = NO;
				CLANG_ANALYZER_NONNULL = YES;
				CLANG_ANALYZER_NUMBER_OBJECT_CONVERSION = YES_AGGRESSIVE;
				CLANG_CXX_LANGUAGE_STANDARD = "gnu++17";
				CLANG_CXX_LIBRARY = "libc++";
				CLANG_ENABLE_MODULES = YES;
				CLANG_ENABLE_OBJC_ARC = YES;
				CLANG_ENABLE_OBJC_WEAK = YES;
				CLANG_WARN_BLOCK_CAPTURE_AUTORELEASING = YES;
				CLANG_WARN_BOOL_CONVERSION = YES;
				CLANG_WARN_COMMA = YES;
				CLANG_WARN_CONSTANT_CONVERSION = YES;
				CLANG_WARN_DEPRECATED_OBJC_IMPLEMENTATIONS = YES;
				CLANG_WARN_DIRECT_OBJC_ISA_USAGE = YES_ERROR;
				CLANG_WARN_DOCUMENTATION_COMMENTS = YES;
				CLANG_WARN_EMPTY_BODY = YES;
				CLANG_WARN_ENUM_CONVERSION = YES;
				CLANG_WARN_INFINITE_RECURSION = YES;
				CLANG_WARN_INT_CONVERSION = YES;
				CLANG_WARN_NON_LITERAL_NULL_CONVERSION = YES;
				CLANG_WARN_OBJC_IMPLICIT_RETAIN_SELF = YES;
				CLANG_WARN_OBJC_LITERAL_CONVERSION = YES;
				CLANG_WARN_OBJC_ROOT_CLASS = YES_ERROR;
				CLANG_WARN_QUOTED_INCLUDE_IN_FRAMEWORK_HEADER = YES;
				CLANG_WARN_RANGE_LOOP_ANALYSIS = YES;
				CLANG_WARN_STRICT_PROTOTYPES = YES;
				CLANG_WARN_SUSPICIOUS_MOVE = YES;
				CLANG_WARN_UNGUARDED_AVAILABILITY = YES_AGGRESSIVE;
				CLANG_WARN_UNREACHABLE_CODE = YES;
				CLANG_WARN__DUPLICATE_METHOD_MATCH = YES;
				COPY_PHASE_STRIP = NO;
				DEBUG_INFORMATION_FORMAT = dwarf;
				ENABLE_STRICT_OBJC_MSGSEND = YES;
				ENABLE_TESTABILITY = YES;
				GCC_C_LANGUAGE_STANDARD = gnu11;
				GCC_DYNAMIC_NO_PIC = NO;
				GCC_NO_COMMON_BLOCKS = YES;
				GCC_OPTIMIZATION_LEVEL = 0;
				GCC_PREPROCESSOR_DEFINITIONS = (
					"DEBUG=1",
					"$(inherited)",
				);
				GCC_WARN_64_TO_32_BIT_CONVERSION = YES;
				GCC_WARN_ABOUT_RETURN_TYPE = YES_ERROR;
				GCC_WARN_UNDECLARED_SELECTOR = YES;
				GCC_WARN_UNINITIALIZED_AUTOS = YES_AGGRESSIVE;
				GCC_WARN_UNUSED_FUNCTION = YES;
				GCC_WARN_UNUSED_VARIABLE = YES;
				IPHONEOS_DEPLOYMENT_TARGET = 15.2;
				MTL_ENABLE_DEBUG_INFO = INCLUDE_SOURCE;
				MTL_FAST_MATH = YES;
				ONLY_ACTIVE_ARCH = YES;
				SDKROOT = iphoneos;
				SWIFT_ACTIVE_COMPILATION_CONDITIONS = DEBUG;
				SWIFT_OPTIMIZATION_LEVEL = "-Onone";
			};
			name = Debug;
		};
		67D1491E2897AC1800F021DD /* Release */ = {
			isa = XCBuildConfiguration;
			buildSettings = {
				ALWAYS_SEARCH_USER_PATHS = NO;
				CLANG_ANALYZER_NONNULL = YES;
				CLANG_ANALYZER_NUMBER_OBJECT_CONVERSION = YES_AGGRESSIVE;
				CLANG_CXX_LANGUAGE_STANDARD = "gnu++17";
				CLANG_CXX_LIBRARY = "libc++";
				CLANG_ENABLE_MODULES = YES;
				CLANG_ENABLE_OBJC_ARC = YES;
				CLANG_ENABLE_OBJC_WEAK = YES;
				CLANG_WARN_BLOCK_CAPTURE_AUTORELEASING = YES;
				CLANG_WARN_BOOL_CONVERSION = YES;
				CLANG_WARN_COMMA = YES;
				CLANG_WARN_CONSTANT_CONVERSION = YES;
				CLANG_WARN_DEPRECATED_OBJC_IMPLEMENTATIONS = YES;
				CLANG_WARN_DIRECT_OBJC_ISA_USAGE = YES_ERROR;
				CLANG_WARN_DOCUMENTATION_COMMENTS = YES;
				CLANG_WARN_EMPTY_BODY = YES;
				CLANG_WARN_ENUM_CONVERSION = YES;
				CLANG_WARN_INFINITE_RECURSION = YES;
				CLANG_WARN_INT_CONVERSION = YES;
				CLANG_WARN_NON_LITERAL_NULL_CONVERSION = YES;
				CLANG_WARN_OBJC_IMPLICIT_RETAIN_SELF = YES;
				CLANG_WARN_OBJC_LITERAL_CONVERSION = YES;
				CLANG_WARN_OBJC_ROOT_CLASS = YES_ERROR;
				CLANG_WARN_QUOTED_INCLUDE_IN_FRAMEWORK_HEADER = YES;
				CLANG_WARN_RANGE_LOOP_ANALYSIS = YES;
				CLANG_WARN_STRICT_PROTOTYPES = YES;
				CLANG_WARN_SUSPICIOUS_MOVE = YES;
				CLANG_WARN_UNGUARDED_AVAILABILITY = YES_AGGRESSIVE;
				CLANG_WARN_UNREACHABLE_CODE = YES;
				CLANG_WARN__DUPLICATE_METHOD_MATCH = YES;
				COPY_PHASE_STRIP = NO;
				DEBUG_INFORMATION_FORMAT = "dwarf-with-dsym";
				ENABLE_NS_ASSERTIONS = NO;
				ENABLE_STRICT_OBJC_MSGSEND = YES;
				GCC_C_LANGUAGE_STANDARD = gnu11;
				GCC_NO_COMMON_BLOCKS = YES;
				GCC_WARN_64_TO_32_BIT_CONVERSION = YES;
				GCC_WARN_ABOUT_RETURN_TYPE = YES_ERROR;
				GCC_WARN_UNDECLARED_SELECTOR = YES;
				GCC_WARN_UNINITIALIZED_AUTOS = YES_AGGRESSIVE;
				GCC_WARN_UNUSED_FUNCTION = YES;
				GCC_WARN_UNUSED_VARIABLE = YES;
				IPHONEOS_DEPLOYMENT_TARGET = 15.2;
				MTL_ENABLE_DEBUG_INFO = NO;
				MTL_FAST_MATH = YES;
				SDKROOT = iphoneos;
				SWIFT_COMPILATION_MODE = wholemodule;
				SWIFT_OPTIMIZATION_LEVEL = "-O";
				VALIDATE_PRODUCT = YES;
			};
			name = Release;
		};
		67D149202897AC1800F021DD /* Debug */ = {
			isa = XCBuildConfiguration;
			buildSettings = {
				ASSETCATALOG_COMPILER_APPICON_NAME = AppIcon;
				ASSETCATALOG_COMPILER_GLOBAL_ACCENT_COLOR_NAME = AccentColor;
				CODE_SIGN_STYLE = Automatic;
				CURRENT_PROJECT_VERSION = 1;
				DEVELOPMENT_ASSET_PATHS = "\"FirebasePhoneAuth/Preview Content\"";
				ENABLE_PREVIEWS = YES;
				GENERATE_INFOPLIST_FILE = YES;
				INFOPLIST_FILE = FirebasePhoneAuth/Info.plist;
				INFOPLIST_KEY_UIApplicationSceneManifest_Generation = YES;
				INFOPLIST_KEY_UIApplicationSupportsIndirectInputEvents = YES;
				INFOPLIST_KEY_UILaunchScreen_Generation = YES;
				INFOPLIST_KEY_UISupportedInterfaceOrientations_iPad = "UIInterfaceOrientationPortrait UIInterfaceOrientationPortraitUpsideDown UIInterfaceOrientationLandscapeLeft UIInterfaceOrientationLandscapeRight";
				INFOPLIST_KEY_UISupportedInterfaceOrientations_iPhone = "UIInterfaceOrientationPortrait UIInterfaceOrientationLandscapeLeft UIInterfaceOrientationLandscapeRight";
				LD_RUNPATH_SEARCH_PATHS = (
					"$(inherited)",
					"@executable_path/Frameworks",
				);
				MARKETING_VERSION = 1.0;
				PRODUCT_BUNDLE_IDENTIFIER = com.blackbirds.FirebasePhoneAuth;
				PRODUCT_NAME = "$(TARGET_NAME)";
				SWIFT_EMIT_LOC_STRINGS = YES;
				SWIFT_VERSION = 5.0;
				TARGETED_DEVICE_FAMILY = "1,2";
			};
			name = Debug;
		};
		67D149212897AC1800F021DD /* Release */ = {
			isa = XCBuildConfiguration;
			buildSettings = {
				ASSETCATALOG_COMPILER_APPICON_NAME = AppIcon;
				ASSETCATALOG_COMPILER_GLOBAL_ACCENT_COLOR_NAME = AccentColor;
				CODE_SIGN_STYLE = Automatic;
				CURRENT_PROJECT_VERSION = 1;
				DEVELOPMENT_ASSET_PATHS = "\"FirebasePhoneAuth/Preview Content\"";
				ENABLE_PREVIEWS = YES;
				GENERATE_INFOPLIST_FILE = YES;
				INFOPLIST_FILE = FirebasePhoneAuth/Info.plist;
				INFOPLIST_KEY_UIApplicationSceneManifest_Generation = YES;
				INFOPLIST_KEY_UIApplicationSupportsIndirectInputEvents = YES;
				INFOPLIST_KEY_UILaunchScreen_Generation = YES;
				INFOPLIST_KEY_UISupportedInterfaceOrientations_iPad = "UIInterfaceOrientationPortrait UIInterfaceOrientationPortraitUpsideDown UIInterfaceOrientationLandscapeLeft UIInterfaceOrientationLandscapeRight";
				INFOPLIST_KEY_UISupportedInterfaceOrientations_iPhone = "UIInterfaceOrientationPortrait UIInterfaceOrientationLandscapeLeft UIInterfaceOrientationLandscapeRight";
				LD_RUNPATH_SEARCH_PATHS = (
					"$(inherited)",
					"@executable_path/Frameworks",
				);
				MARKETING_VERSION = 1.0;
				PRODUCT_BUNDLE_IDENTIFIER = com.blackbirds.FirebasePhoneAuth;
				PRODUCT_NAME = "$(TARGET_NAME)";
				SWIFT_EMIT_LOC_STRINGS = YES;
				SWIFT_VERSION = 5.0;
				TARGETED_DEVICE_FAMILY = "1,2";
			};
			name = Release;
		};
/* End XCBuildConfiguration section */

/* Begin XCConfigurationList section */
		67D1490C2897AC1500F021DD /* Build configuration list for PBXProject "FirebasePhoneAuth" */ = {
			isa = XCConfigurationList;
			buildConfigurations = (
				67D1491D2897AC1800F021DD /* Debug */,
				67D1491E2897AC1800F021DD /* Release */,
			);
			defaultConfigurationIsVisible = 0;
			defaultConfigurationName = Release;
		};
		67D1491F2897AC1800F021DD /* Build configuration list for PBXNativeTarget "FirebasePhoneAuth" */ = {
			isa = XCConfigurationList;
			buildConfigurations = (
				67D149202897AC1800F021DD /* Debug */,
				67D149212897AC1800F021DD /* Release */,
			);
			defaultConfigurationIsVisible = 0;
			defaultConfigurationName = Release;
		};
/* End XCConfigurationList section */

/* Begin XCRemoteSwiftPackageReference section */
		671BD33B289936100048EC18 /* XCRemoteSwiftPackageReference "firebase-ios-sdk" */ = {
			isa = XCRemoteSwiftPackageReference;
			repositoryURL = "https://github.com/firebase/firebase-ios-sdk";
			requirement = {
				kind = upToNextMajorVersion;
				minimumVersion = 9.0.0;
			};
		};
/* End XCRemoteSwiftPackageReference section */

/* Begin XCSwiftPackageProductDependency section */
		671BD33C289936100048EC18 /* FirebaseAnalyticsSwift */ = {
			isa = XCSwiftPackageProductDependency;
			package = 671BD33B289936100048EC18 /* XCRemoteSwiftPackageReference "firebase-ios-sdk" */;
			productName = FirebaseAnalyticsSwift;
		};
		671BD33E289936100048EC18 /* FirebaseAuth */ = {
			isa = XCSwiftPackageProductDependency;
			package = 671BD33B289936100048EC18 /* XCRemoteSwiftPackageReference "firebase-ios-sdk" */;
			productName = FirebaseAuth;
		};
/* End XCSwiftPackageProductDependency section */
	};
	rootObject = 67D149092897AC1500F021DD /* Project object */;
}
